# This file is @generated by PDM.
# It is not intended for manual editing.

[[package]]
name = "anyio"
version = "3.6.2"
requires_python = ">=3.6.2"
summary = "High level compatibility layer for multiple asynchronous event loop implementations"
dependencies = [
    "idna>=2.8",
    "sniffio>=1.1",
]

[[package]]
name = "black"
version = "23.3.0"
requires_python = ">=3.7"
summary = "The uncompromising code formatter."
dependencies = [
    "click>=8.0.0",
    "mypy-extensions>=0.4.3",
    "packaging>=22.0",
    "pathspec>=0.9.0",
    "platformdirs>=2",
    "tomli>=1.1.0; python_version < \"3.11\"",
    "typing-extensions>=3.10.0.0; python_version < \"3.10\"",
]

[[package]]
name = "certifi"
version = "2022.12.7"
requires_python = ">=3.6"
summary = "Python package for providing Mozilla's CA Bundle."

[[package]]
name = "cfgv"
version = "3.3.1"
requires_python = ">=3.6.1"
summary = "Validate configuration and produce human readable error messages."

[[package]]
name = "click"
version = "8.1.3"
requires_python = ">=3.7"
summary = "Composable command line interface toolkit"
dependencies = [
    "colorama; platform_system == \"Windows\"",
]

[[package]]
name = "colorama"
version = "0.4.6"
requires_python = "!=3.0.*,!=3.1.*,!=3.2.*,!=3.3.*,!=3.4.*,!=3.5.*,!=3.6.*,>=2.7"
summary = "Cross-platform colored terminal text."

[[package]]
name = "distlib"
version = "0.3.6"
summary = "Distribution utilities"

[[package]]
name = "filelock"
version = "3.9.0"
requires_python = ">=3.7"
summary = "A platform independent file lock."

[[package]]
name = "h11"
version = "0.14.0"
requires_python = ">=3.7"
summary = "A pure-Python, bring-your-own-I/O implementation of HTTP/1.1"

[[package]]
name = "httpcore"
version = "0.16.3"
requires_python = ">=3.7"
summary = "A minimal low-level HTTP client."
dependencies = [
    "anyio<5.0,>=3.0",
    "certifi",
    "h11<0.15,>=0.13",
    "sniffio==1.*",
]

[[package]]
name = "httpx"
version = "0.23.3"
requires_python = ">=3.7"
summary = "The next generation HTTP client."
dependencies = [
    "certifi",
    "httpcore<0.17.0,>=0.15.0",
    "rfc3986[idna2008]<2,>=1.3",
    "sniffio",
]

[[package]]
name = "humanize"
version = "4.6.0"
requires_python = ">=3.7"
summary = "Python humanize utilities"

[[package]]
name = "identify"
version = "2.5.17"
requires_python = ">=3.7"
summary = "File identification library for Python"

[[package]]
name = "idna"
version = "3.4"
requires_python = ">=3.5"
summary = "Internationalized Domain Names in Applications (IDNA)"

[[package]]
name = "markdown-it-py"
version = "2.2.0"
requires_python = ">=3.7"
summary = "Python port of markdown-it. Markdown parsing, done right!"
dependencies = [
    "mdurl~=0.1",
]

[[package]]
name = "mdurl"
version = "0.1.2"
requires_python = ">=3.7"
summary = "Markdown URL utilities"

[[package]]
name = "mypy"
version = "1.1.1"
requires_python = ">=3.7"
summary = "Optional static typing for Python"
dependencies = [
    "mypy-extensions>=1.0.0",
    "tomli>=1.1.0; python_version < \"3.11\"",
    "typing-extensions>=3.10",
]

[[package]]
name = "mypy-extensions"
version = "1.0.0"
requires_python = ">=3.5"
summary = "Type system extensions for programs checked with the mypy type checker."

[[package]]
name = "nodeenv"
version = "1.7.0"
requires_python = ">=2.7,!=3.0.*,!=3.1.*,!=3.2.*,!=3.3.*,!=3.4.*,!=3.5.*,!=3.6.*"
summary = "Node.js virtual environment builder"
dependencies = [
    "setuptools",
]

[[package]]
name = "packaging"
version = "23.0"
requires_python = ">=3.7"
summary = "Core utilities for Python packages"

[[package]]
name = "pathspec"
version = "0.11.0"
requires_python = ">=3.7"
summary = "Utility library for gitignore style pattern matching of file paths."

[[package]]
name = "platformdirs"
version = "2.6.2"
requires_python = ">=3.7"
summary = "A small Python package for determining appropriate platform-specific dirs, e.g. a \"user data dir\"."

[[package]]
name = "pre-commit"
version = "3.2.2"
requires_python = ">=3.8"
summary = "A framework for managing and maintaining multi-language pre-commit hooks."
dependencies = [
    "cfgv>=2.0.0",
    "identify>=1.0.0",
    "nodeenv>=0.11.1",
    "pyyaml>=5.1",
    "virtualenv>=20.10.0",
]

[[package]]
name = "pygments"
version = "2.14.0"
requires_python = ">=3.6"
summary = "Pygments is a syntax highlighting package written in Python."

[[package]]
name = "pyyaml"
version = "6.0"
requires_python = ">=3.6"
summary = "YAML parser and emitter for Python"

[[package]]
name = "rfc3986"
version = "1.5.0"
summary = "Validating URI References per RFC 3986"

[[package]]
name = "rfc3986"
version = "1.5.0"
extras = ["idna2008"]
summary = "Validating URI References per RFC 3986"
dependencies = [
    "idna",
    "rfc3986==1.5.0",
]

[[package]]
name = "rich"
version = "13.3.3"
requires_python = ">=3.7.0"
summary = "Render rich text, tables, progress bars, syntax highlighting, markdown and more to the terminal"
dependencies = [
    "markdown-it-py<3.0.0,>=2.2.0",
    "pygments<3.0.0,>=2.13.0",
    "typing-extensions<5.0,>=4.0.0; python_version < \"3.9\"",
]

[[package]]
name = "ruff"
version = "0.0.260"
requires_python = ">=3.7"
summary = "An extremely fast Python linter, written in Rust."

[[package]]
name = "setuptools"
version = "67.1.0"
requires_python = ">=3.7"
summary = "Easily download, build, install, upgrade, and uninstall Python packages"

[[package]]
name = "sniffio"
version = "1.3.0"
requires_python = ">=3.7"
summary = "Sniff out which async library your code is running under"

[[package]]
name = "tomli"
version = "2.0.1"
requires_python = ">=3.7"
summary = "A lil' TOML parser"

[[package]]
name = "typing-extensions"
version = "4.4.0"
requires_python = ">=3.7"
summary = "Backported and Experimental Type Hints for Python 3.7+"

[[package]]
name = "virtualenv"
version = "20.17.1"
requires_python = ">=3.6"
summary = "Virtual Python Environment builder"
dependencies = [
    "distlib<1,>=0.3.6",
    "filelock<4,>=3.4.1",
    "platformdirs<3,>=2.4",
]

[metadata]
lock_version = "4.1"
content_hash = "sha256:c637cf83619288438d53594e0fc8dbd24be103c1c9b63b0edaff898462ffec4d"

[metadata.files]
"anyio 3.6.2" = [
    {url = "https://files.pythonhosted.org/packages/77/2b/b4c0b7a3f3d61adb1a1e0b78f90a94e2b6162a043880704b7437ef297cad/anyio-3.6.2-py3-none-any.whl", hash = "sha256:fbbe32bd270d2a2ef3ed1c5d45041250284e31fc0a4df4a5a6071842051a51e3"},
    {url = "https://files.pythonhosted.org/packages/8b/94/6928d4345f2bc1beecbff03325cad43d320717f51ab74ab5a571324f4f5a/anyio-3.6.2.tar.gz", hash = "sha256:25ea0d673ae30af41a0c442f81cf3b38c7e79fdc7b60335a4c14e05eb0947421"},
]
"black 23.3.0" = [
    {url = "https://files.pythonhosted.org/packages/06/1e/273d610249f0335afb1ddb03664a03223f4826e3d1a95170a0142cb19fb4/black-23.3.0-cp39-cp39-win_amd64.whl", hash = "sha256:6b39abdfb402002b8a7d030ccc85cf5afff64ee90fa4c5aebc531e3ad0175ddb"},
    {url = "https://files.pythonhosted.org/packages/12/4b/99c71d1cf1353edd5aff2700b8960f92e9b805c9dab72639b67dbb449d3a/black-23.3.0-cp38-cp38-manylinux_2_17_x86_64.manylinux2014_x86_64.whl", hash = "sha256:562bd3a70495facf56814293149e51aa1be9931567474993c7942ff7d3533961"},
    {url = "https://files.pythonhosted.org/packages/13/0a/ed8b66c299e896780e4528eed4018f5b084da3b9ba4ee48328550567d866/black-23.3.0-cp38-cp38-macosx_10_16_x86_64.whl", hash = "sha256:064101748afa12ad2291c2b91c960be28b817c0c7eaa35bec09cc63aa56493c5"},
    {url = "https://files.pythonhosted.org/packages/13/25/cfa06788d0a936f2445af88f13604b5bcd5c9d050db618c718e6ebe66f74/black-23.3.0-cp39-cp39-macosx_10_16_arm64.whl", hash = "sha256:3238f2aacf827d18d26db07524e44741233ae09a584273aa059066d644ca7b30"},
    {url = "https://files.pythonhosted.org/packages/21/14/d5a2bec5fb15f9118baab7123d344646fac0b1c6939d51c2b05259cd2d9c/black-23.3.0-cp38-cp38-macosx_10_16_universal2.whl", hash = "sha256:714290490c18fb0126baa0fca0a54ee795f7502b44177e1ce7624ba1c00f2331"},
    {url = "https://files.pythonhosted.org/packages/24/eb/2d2d2c27cb64cfd073896f62a952a802cd83cf943a692a2f278525b57ca9/black-23.3.0-cp37-cp37m-macosx_10_16_x86_64.whl", hash = "sha256:1d06691f1eb8de91cd1b322f21e3bfc9efe0c7ca1f0e1eb1db44ea367dff656b"},
    {url = "https://files.pythonhosted.org/packages/27/70/07aab2623cfd3789786f17e051487a41d5657258c7b1ef8f780512ffea9c/black-23.3.0-cp310-cp310-macosx_10_16_universal2.whl", hash = "sha256:67de8d0c209eb5b330cce2469503de11bca4085880d62f1628bd9972cc3366b9"},
    {url = "https://files.pythonhosted.org/packages/29/b1/b584fc863c155653963039664a592b3327b002405043b7e761b9b0212337/black-23.3.0-cp310-cp310-macosx_10_16_x86_64.whl", hash = "sha256:7c3eb7cea23904399866c55826b31c1f55bbcd3890ce22ff70466b907b6775c2"},
    {url = "https://files.pythonhosted.org/packages/3c/d7/85f3d79f9e543402de2244c4d117793f262149e404ea0168841613c33e07/black-23.3.0-cp39-cp39-manylinux_2_17_x86_64.manylinux2014_x86_64.whl", hash = "sha256:3a150542a204124ed00683f0db1f5cf1c2aaaa9cc3495b7a3b5976fb136090ab"},
    {url = "https://files.pythonhosted.org/packages/3f/0d/81dd4194ce7057c199d4f28e4c2a885082d9d929e7a55c514b23784f7787/black-23.3.0-cp311-cp311-win_amd64.whl", hash = "sha256:11c410f71b876f961d1de77b9699ad19f939094c3a677323f43d7a29855fe326"},
    {url = "https://files.pythonhosted.org/packages/49/36/15d2122f90ff1cd70f06892ebda777b650218cf84b56b5916a993dc1359a/black-23.3.0-cp37-cp37m-manylinux_2_17_x86_64.manylinux2014_x86_64.whl", hash = "sha256:50cb33cac881766a5cd9913e10ff75b1e8eb71babf4c7104f2e9c52da1fb7de2"},
    {url = "https://files.pythonhosted.org/packages/49/d7/f3b7da6c772800f5375aeb050a3dcf682f0bbeb41d313c9c2820d0156e4e/black-23.3.0-cp39-cp39-macosx_10_16_x86_64.whl", hash = "sha256:92c543f6854c28a3c7f39f4d9b7694f9a6eb9d3c5e2ece488c327b6e7ea9b266"},
    {url = "https://files.pythonhosted.org/packages/69/49/7e1f0cf585b0d607aad3f971f95982cc4208fc77f92363d632d23021ee57/black-23.3.0-cp311-cp311-macosx_10_16_x86_64.whl", hash = "sha256:a6f6886c9869d4daae2d1715ce34a19bbc4b95006d20ed785ca00fa03cba312d"},
    {url = "https://files.pythonhosted.org/packages/6d/b4/0f13ab7f5e364795ff82b76b0f9a4c9c50afda6f1e2feeb8b03fdd7ec57d/black-23.3.0-cp310-cp310-manylinux_2_17_x86_64.manylinux2014_x86_64.whl", hash = "sha256:32daa9783106c28815d05b724238e30718f34155653d4d6e125dc7daec8e260c"},
    {url = "https://files.pythonhosted.org/packages/ad/e7/4642b7f462381799393fbad894ba4b32db00870a797f0616c197b07129a9/black-23.3.0-py3-none-any.whl", hash = "sha256:ec751418022185b0c1bb7d7736e6933d40bbb14c14a0abcf9123d1b159f98dd4"},
    {url = "https://files.pythonhosted.org/packages/c0/53/42e312c17cfda5c8fc4b6b396a508218807a3fcbb963b318e49d3ddd11d5/black-23.3.0-cp311-cp311-manylinux_2_17_x86_64.manylinux2014_x86_64.whl", hash = "sha256:6f3c333ea1dd6771b2d3777482429864f8e258899f6ff05826c3a4fcc5ce3f70"},
    {url = "https://files.pythonhosted.org/packages/ca/44/eb41edd3f558a6139f09eee052dead4a7a464e563b822ddf236f5a8ee286/black-23.3.0-cp37-cp37m-win_amd64.whl", hash = "sha256:e114420bf26b90d4b9daa597351337762b63039752bdf72bf361364c1aa05925"},
    {url = "https://files.pythonhosted.org/packages/ce/f4/2b0c6ac9e1f8584296747f66dd511898b4ebd51d6510dba118279bff53b6/black-23.3.0-cp38-cp38-macosx_10_16_arm64.whl", hash = "sha256:48f9d345675bb7fbc3dd85821b12487e1b9a75242028adad0333ce36ed2a6d27"},
    {url = "https://files.pythonhosted.org/packages/d1/6e/5810b6992ed70403124c67e8b3f62858a32b35405177553f1a78ed6b6e31/black-23.3.0-cp38-cp38-win_amd64.whl", hash = "sha256:e198cf27888ad6f4ff331ca1c48ffc038848ea9f031a3b40ba36aced7e22f2c8"},
    {url = "https://files.pythonhosted.org/packages/d6/36/66370f5017b100225ec4950a60caeef60201a10080da57ddb24124453fba/black-23.3.0.tar.gz", hash = "sha256:1c7b8d606e728a41ea1ccbd7264677e494e87cf630e399262ced92d4a8dac940"},
    {url = "https://files.pythonhosted.org/packages/d7/6f/d3832960a3b646b333b7f0d80d336a3c123012e9d9d5dba4a622b2b6181d/black-23.3.0-cp311-cp311-macosx_10_16_arm64.whl", hash = "sha256:a8a968125d0a6a404842fa1bf0b349a568634f856aa08ffaff40ae0dfa52e7c6"},
    {url = "https://files.pythonhosted.org/packages/db/f4/7908f71cc71da08df1317a3619f002cbf91927fb5d3ffc7723905a2113f7/black-23.3.0-cp310-cp310-macosx_10_16_arm64.whl", hash = "sha256:0945e13506be58bf7db93ee5853243eb368ace1c08a24c65ce108986eac65915"},
    {url = "https://files.pythonhosted.org/packages/de/b4/76f152c5eb0be5471c22cd18380d31d188930377a1a57969073b89d6615d/black-23.3.0-cp310-cp310-win_amd64.whl", hash = "sha256:35d1381d7a22cc5b2be2f72c7dfdae4072a3336060635718cc7e1ede24221d6c"},
    {url = "https://files.pythonhosted.org/packages/eb/a5/17b40bfd9b607b69fa726b0b3a473d14b093dcd5191ea1a1dd664eccfee3/black-23.3.0-cp311-cp311-macosx_10_16_universal2.whl", hash = "sha256:c7ab5790333c448903c4b721b59c0d80b11fe5e9803d8703e84dcb8da56fec1b"},
    {url = "https://files.pythonhosted.org/packages/fd/5b/fc2d7922c1a6bb49458d424b5be71d251f2d0dc97be9534e35d171bdc653/black-23.3.0-cp39-cp39-macosx_10_16_universal2.whl", hash = "sha256:f0bd2f4a58d6666500542b26354978218a9babcdc972722f4bf90779524515f3"},
]
"certifi 2022.12.7" = [
    {url = "https://files.pythonhosted.org/packages/37/f7/2b1b0ec44fdc30a3d31dfebe52226be9ddc40cd6c0f34ffc8923ba423b69/certifi-2022.12.7.tar.gz", hash = "sha256:35824b4c3a97115964b408844d64aa14db1cc518f6562e8d7261699d1350a9e3"},
    {url = "https://files.pythonhosted.org/packages/71/4c/3db2b8021bd6f2f0ceb0e088d6b2d49147671f25832fb17970e9b583d742/certifi-2022.12.7-py3-none-any.whl", hash = "sha256:4ad3232f5e926d6718ec31cfc1fcadfde020920e278684144551c91769c7bc18"},
]
"cfgv 3.3.1" = [
    {url = "https://files.pythonhosted.org/packages/6d/82/0a0ebd35bae9981dea55c06f8e6aaf44a49171ad798795c72c6f64cba4c2/cfgv-3.3.1-py2.py3-none-any.whl", hash = "sha256:c6a0883f3917a037485059700b9e75da2464e6c27051014ad85ba6aaa5884426"},
    {url = "https://files.pythonhosted.org/packages/c4/bf/d0d622b660d414a47dc7f0d303791a627663f554345b21250e39e7acb48b/cfgv-3.3.1.tar.gz", hash = "sha256:f5a830efb9ce7a445376bb66ec94c638a9787422f96264c98edc6bdeed8ab736"},
]
"click 8.1.3" = [
    {url = "https://files.pythonhosted.org/packages/59/87/84326af34517fca8c58418d148f2403df25303e02736832403587318e9e8/click-8.1.3.tar.gz", hash = "sha256:7682dc8afb30297001674575ea00d1814d808d6a36af415a82bd481d37ba7b8e"},
    {url = "https://files.pythonhosted.org/packages/c2/f1/df59e28c642d583f7dacffb1e0965d0e00b218e0186d7858ac5233dce840/click-8.1.3-py3-none-any.whl", hash = "sha256:bb4d8133cb15a609f44e8213d9b391b0809795062913b383c62be0ee95b1db48"},
]
"colorama 0.4.6" = [
    {url = "https://files.pythonhosted.org/packages/d1/d6/3965ed04c63042e047cb6a3e6ed1a63a35087b6a609aa3a15ed8ac56c221/colorama-0.4.6-py2.py3-none-any.whl", hash = "sha256:4f1d9991f5acc0ca119f9d443620b77f9d6b33703e51011c16baf57afb285fc6"},
    {url = "https://files.pythonhosted.org/packages/d8/53/6f443c9a4a8358a93a6792e2acffb9d9d5cb0a5cfd8802644b7b1c9a02e4/colorama-0.4.6.tar.gz", hash = "sha256:08695f5cb7ed6e0531a20572697297273c47b8cae5a63ffc6d6ed5c201be6e44"},
]
"distlib 0.3.6" = [
    {url = "https://files.pythonhosted.org/packages/58/07/815476ae605bcc5f95c87a62b95e74a1bce0878bc7a3119bc2bf4178f175/distlib-0.3.6.tar.gz", hash = "sha256:14bad2d9b04d3a36127ac97f30b12a19268f211063d8f8ee4f47108896e11b46"},
    {url = "https://files.pythonhosted.org/packages/76/cb/6bbd2b10170ed991cf64e8c8b85e01f2fb38f95d1bc77617569e0b0b26ac/distlib-0.3.6-py2.py3-none-any.whl", hash = "sha256:f35c4b692542ca110de7ef0bea44d73981caeb34ca0b9b6b2e6d7790dda8f80e"},
]
"filelock 3.9.0" = [
    {url = "https://files.pythonhosted.org/packages/0b/dc/eac02350f06c6ed78a655ceb04047df01b02c6b7ea3fc02d4df24ca87d24/filelock-3.9.0.tar.gz", hash = "sha256:7b319f24340b51f55a2bf7a12ac0755a9b03e718311dac567a0f4f7fabd2f5de"},
    {url = "https://files.pythonhosted.org/packages/14/4c/b201d0292ca4e0950f0741212935eac9996f69cd66b92a3587e594999163/filelock-3.9.0-py3-none-any.whl", hash = "sha256:f58d535af89bb9ad5cd4df046f741f8553a418c01a7856bf0d173bbc9f6bd16d"},
]
"h11 0.14.0" = [
    {url = "https://files.pythonhosted.org/packages/95/04/ff642e65ad6b90db43e668d70ffb6736436c7ce41fcc549f4e9472234127/h11-0.14.0-py3-none-any.whl", hash = "sha256:e3fe4ac4b851c468cc8363d500db52c2ead036020723024a109d37346efaa761"},
    {url = "https://files.pythonhosted.org/packages/f5/38/3af3d3633a34a3316095b39c8e8fb4853a28a536e55d347bd8d8e9a14b03/h11-0.14.0.tar.gz", hash = "sha256:8f19fbbe99e72420ff35c00b27a34cb9937e902a8b810e2c88300c6f0a3b699d"},
]
"httpcore 0.16.3" = [
    {url = "https://files.pythonhosted.org/packages/04/7e/ef97af4623024e8159993b3114ce208de4f677098ae058ec5882a1bf7605/httpcore-0.16.3-py3-none-any.whl", hash = "sha256:da1fb708784a938aa084bde4feb8317056c55037247c787bd7e19eb2c2949dc0"},
    {url = "https://files.pythonhosted.org/packages/61/42/5c456b02816845d163fab0f32936b6a5b649f3f915beff6f819f4f6c90b2/httpcore-0.16.3.tar.gz", hash = "sha256:c5d6f04e2fc530f39e0c077e6a30caa53f1451096120f1f38b954afd0b17c0cb"},
]
"httpx 0.23.3" = [
    {url = "https://files.pythonhosted.org/packages/ac/a2/0260c0f5d73bdf06e8d3fc1013a82b9f0633dc21750c9e3f3cb1dba7bb8c/httpx-0.23.3-py3-none-any.whl", hash = "sha256:a211fcce9b1254ea24f0cd6af9869b3d29aba40154e947d2a07bb499b3e310d6"},
    {url = "https://files.pythonhosted.org/packages/f5/50/04d5e8ee398a10c767a341a25f59ff8711ae3adf0143c7f8b45fc560d72d/httpx-0.23.3.tar.gz", hash = "sha256:9818458eb565bb54898ccb9b8b251a28785dd4a55afbc23d0eb410754fe7d0f9"},
]
"humanize 4.6.0" = [
    {url = "https://files.pythonhosted.org/packages/06/b1/9e491df2ee1c919d67ee328d8bc9f17b7a9af68e4077f3f5fac83a4488c9/humanize-4.6.0.tar.gz", hash = "sha256:5f1f22bc65911eb1a6ffe7659bd6598e33dcfeeb904eb16ee1e705a09bf75916"},
    {url = "https://files.pythonhosted.org/packages/22/2b/30e8725481b071ca53984742a443f944f9c74fb72f509a40b746912645e1/humanize-4.6.0-py3-none-any.whl", hash = "sha256:401201aca462749773f02920139f302450cb548b70489b9b4b92be39fe3c3c50"},
]
"identify 2.5.17" = [
    {url = "https://files.pythonhosted.org/packages/6b/c1/dcb61490b9324dd6c4b071835ce89840536a636512100e300e67e27ab447/identify-2.5.17.tar.gz", hash = "sha256:93cc61a861052de9d4c541a7acb7e3dcc9c11b398a2144f6e52ae5285f5f4f06"},
    {url = "https://files.pythonhosted.org/packages/74/6f/752581a147e65f86c00ae0debb21f2217638ff3ca15e7a623f1ff53198a3/identify-2.5.17-py2.py3-none-any.whl", hash = "sha256:7d526dd1283555aafcc91539acc061d8f6f59adb0a7bba462735b0a318bff7ed"},
]
"idna 3.4" = [
    {url = "https://files.pythonhosted.org/packages/8b/e1/43beb3d38dba6cb420cefa297822eac205a277ab43e5ba5d5c46faf96438/idna-3.4.tar.gz", hash = "sha256:814f528e8dead7d329833b91c5faa87d60bf71824cd12a7530b5526063d02cb4"},
    {url = "https://files.pythonhosted.org/packages/fc/34/3030de6f1370931b9dbb4dad48f6ab1015ab1d32447850b9fc94e60097be/idna-3.4-py3-none-any.whl", hash = "sha256:90b77e79eaa3eba6de819a0c442c0b4ceefc341a7a2ab77d7562bf49f425c5c2"},
]
"markdown-it-py 2.2.0" = [
    {url = "https://files.pythonhosted.org/packages/bf/25/2d88e8feee8e055d015343f9b86e370a1ccbec546f2865c98397aaef24af/markdown_it_py-2.2.0-py3-none-any.whl", hash = "sha256:5a35f8d1870171d9acc47b99612dc146129b631baf04970128b568f190d0cc30"},
    {url = "https://files.pythonhosted.org/packages/e4/c0/59bd6d0571986f72899288a95d9d6178d0eebd70b6650f1bb3f0da90f8f7/markdown-it-py-2.2.0.tar.gz", hash = "sha256:7c9a5e412688bc771c67432cbfebcdd686c93ce6484913dccf06cb5a0bea35a1"},
]
"mdurl 0.1.2" = [
    {url = "https://files.pythonhosted.org/packages/b3/38/89ba8ad64ae25be8de66a6d463314cf1eb366222074cfda9ee839c56a4b4/mdurl-0.1.2-py3-none-any.whl", hash = "sha256:84008a41e51615a49fc9966191ff91509e3c40b939176e643fd50a5c2196b8f8"},
    {url = "https://files.pythonhosted.org/packages/d6/54/cfe61301667036ec958cb99bd3efefba235e65cdeb9c84d24a8293ba1d90/mdurl-0.1.2.tar.gz", hash = "sha256:bb413d29f5eea38f31dd4754dd7377d4465116fb207585f97bf925588687c1ba"},
]
"mypy 1.1.1" = [
    {url = "https://files.pythonhosted.org/packages/2a/28/8485aad67750b3374443d28bad3eed947737cf425a640ea4be4ac70a7827/mypy-1.1.1-cp38-cp38-manylinux_2_17_x86_64.manylinux2014_x86_64.whl", hash = "sha256:ce61663faf7a8e5ec6f456857bfbcec2901fbdb3ad958b778403f63b9e606a1b"},
    {url = "https://files.pythonhosted.org/packages/30/da/808ceaf2bcf23a9e90156c7b11b41add8dd5a009ee48159ec820d04d97bd/mypy-1.1.1-cp39-cp39-manylinux_2_17_x86_64.manylinux2014_x86_64.whl", hash = "sha256:9401e33814cec6aec8c03a9548e9385e0e228fc1b8b0a37b9ea21038e64cdd8a"},
    {url = "https://files.pythonhosted.org/packages/44/9d/d23fa5d12bacbe7beea5fb6315b3325beabbe438e7e14d38c82b71609818/mypy-1.1.1-cp310-cp310-macosx_10_9_x86_64.whl", hash = "sha256:39c7119335be05630611ee798cc982623b9e8f0cff04a0b48dfc26100e0b97af"},
    {url = "https://files.pythonhosted.org/packages/47/9f/34f6a2254f7d39b8c4349b8ac480c233d37c377faf2c67c6ef925b3af0ab/mypy-1.1.1-cp39-cp39-macosx_11_0_arm64.whl", hash = "sha256:59bbd71e5c58eed2e992ce6523180e03c221dcd92b52f0e792f291d67b15a71c"},
    {url = "https://files.pythonhosted.org/packages/61/99/4a844dcacbc4990a8312236bf74a55910ee9a05db69dee7d6fb7a7ffe6c2/mypy-1.1.1-cp310-cp310-manylinux_2_17_x86_64.manylinux2014_x86_64.whl", hash = "sha256:dbb19c9f662e41e474e0cff502b7064a7edc6764f5262b6cd91d698163196799"},
    {url = "https://files.pythonhosted.org/packages/62/54/be80f8d01f5cf72f774a77f9f750527a6fa733f09f78b1da30e8fa3914e6/mypy-1.1.1.tar.gz", hash = "sha256:ae9ceae0f5b9059f33dbc62dea087e942c0ccab4b7a003719cb70f9b8abfa32f"},
    {url = "https://files.pythonhosted.org/packages/64/63/6a04ca7a8b7f34811cada43ed6119736a7f4a07c5e1cbd8eec0e0f4962d5/mypy-1.1.1-cp311-cp311-musllinux_1_1_x86_64.whl", hash = "sha256:d809f88734f44a0d44959d795b1e6f64b2bbe0ea4d9cc4776aa588bb4229fc1c"},
    {url = "https://files.pythonhosted.org/packages/65/cc/ae5032abc06949e7a8c68f9885883fdb745c96bcf137cd4fa7225d50b647/mypy-1.1.1-cp38-cp38-win_amd64.whl", hash = "sha256:2888ce4fe5aae5a673386fa232473014056967f3904f5abfcf6367b5af1f612a"},
    {url = "https://files.pythonhosted.org/packages/67/d3/1323311369eae97da4c7f47f266c55f7bdc22e74e4e2e1691be511ab8a91/mypy-1.1.1-cp39-cp39-win_amd64.whl", hash = "sha256:69b35d1dcb5707382810765ed34da9db47e7f95b3528334a3c999b0c90fe523f"},
    {url = "https://files.pythonhosted.org/packages/7e/32/1b161731d19580c55d3d7c04b8ace80dc7cf42d852adf750f348a485068f/mypy-1.1.1-cp37-cp37m-macosx_10_9_x86_64.whl", hash = "sha256:b7c7b708fe9a871a96626d61912e3f4ddd365bf7f39128362bc50cbd74a634d5"},
    {url = "https://files.pythonhosted.org/packages/8a/fd/b610256224e01da4c4f315d11f62d39d815e97439a58d49d60aa4f55a60b/mypy-1.1.1-cp310-cp310-macosx_11_0_arm64.whl", hash = "sha256:61bf08362e93b6b12fad3eab68c4ea903a077b87c90ac06c11e3d7a09b56b9c1"},
    {url = "https://files.pythonhosted.org/packages/8c/3d/a8d518bb06952484ada20897878a7a14741536f43514dcfecfac0676aa01/mypy-1.1.1-cp37-cp37m-manylinux_2_17_x86_64.manylinux2014_x86_64.whl", hash = "sha256:c1c10fa12df1232c936830839e2e935d090fc9ee315744ac33b8a32216b93707"},
    {url = "https://files.pythonhosted.org/packages/91/63/55d0e62829f739f47978f1d8eb965ca8c40261841e47491ad297c84921c5/mypy-1.1.1-cp310-cp310-win_amd64.whl", hash = "sha256:5cb14ff9919b7df3538590fc4d4c49a0f84392237cbf5f7a816b4161c061829e"},
    {url = "https://files.pythonhosted.org/packages/a4/0b/3a30f50287e42a4230320fa2eac25eb3017d38a7c31f083d407ab627607c/mypy-1.1.1-py3-none-any.whl", hash = "sha256:4e4e8b362cdf99ba00c2b218036002bdcdf1e0de085cdb296a49df03fb31dfc4"},
    {url = "https://files.pythonhosted.org/packages/b8/06/3d72d1b316ceec347874c4285fad8bf17e3fb21bb7848c1a942df239e44a/mypy-1.1.1-cp38-cp38-macosx_10_9_x86_64.whl", hash = "sha256:d64c28e03ce40d5303450f547e07418c64c241669ab20610f273c9e6290b4b0b"},
    {url = "https://files.pythonhosted.org/packages/b8/72/385f3aeaaf262325454ac7f569eb81ac623464871df23d9778c864d04c6c/mypy-1.1.1-cp39-cp39-macosx_10_9_x86_64.whl", hash = "sha256:19ba15f9627a5723e522d007fe708007bae52b93faab00f95d72f03e1afa9598"},
    {url = "https://files.pythonhosted.org/packages/b9/e5/71eef5239219ee2f4d85e2ca6368d736705a3b874023b57f7237b977839c/mypy-1.1.1-cp311-cp311-macosx_11_0_arm64.whl", hash = "sha256:5b5f81b40d94c785f288948c16e1f2da37203c6006546c5d947aab6f90aefef2"},
    {url = "https://files.pythonhosted.org/packages/be/d5/5588a2ee0d77189626a57b555b6b006dda6d5b0083f16c6be0c2d761cd7b/mypy-1.1.1-cp39-cp39-musllinux_1_1_x86_64.whl", hash = "sha256:4b398d8b1f4fba0e3c6463e02f8ad3346f71956b92287af22c9b12c3ec965a9f"},
    {url = "https://files.pythonhosted.org/packages/bf/2d/45a526f248719ee32ecf1261564247a2e717a9c6167de5eb67d53599c4df/mypy-1.1.1-cp311-cp311-manylinux_2_17_x86_64.manylinux2014_x86_64.whl", hash = "sha256:21b437be1c02712a605591e1ed1d858aba681757a1e55fe678a15c2244cd68a5"},
    {url = "https://files.pythonhosted.org/packages/c0/d6/17ba6f8749722b8f61c6ab680769658f0bc63c293556149e2bf400b1f1a2/mypy-1.1.1-cp310-cp310-musllinux_1_1_x86_64.whl", hash = "sha256:315ac73cc1cce4771c27d426b7ea558fb4e2836f89cb0296cbe056894e3a1f78"},
    {url = "https://files.pythonhosted.org/packages/d3/35/a0892864f1c128dc6449ee69897f9db7a64de2c16f41c14640dd22251b1b/mypy-1.1.1-cp37-cp37m-musllinux_1_1_x86_64.whl", hash = "sha256:0a28a76785bf57655a8ea5eb0540a15b0e781c807b5aa798bd463779988fa1d5"},
    {url = "https://files.pythonhosted.org/packages/d9/ab/d6d3884c3f432898458e2ade712988a7d1da562c1a363f2003b31677acd8/mypy-1.1.1-cp311-cp311-macosx_10_9_x86_64.whl", hash = "sha256:26cdd6a22b9b40b2fd71881a8a4f34b4d7914c679f154f43385ca878a8297389"},
    {url = "https://files.pythonhosted.org/packages/e1/a6/331cff5f7476904a2ebe6ed7cee2310b6be583ff6d45609ea0e0d67fd39d/mypy-1.1.1-cp38-cp38-macosx_11_0_arm64.whl", hash = "sha256:64cc3afb3e9e71a79d06e3ed24bb508a6d66f782aff7e56f628bf35ba2e0ba51"},
    {url = "https://files.pythonhosted.org/packages/ed/89/85a04f32135fe4e35fd59d47100c939c7425fcb29868894c4b7a6171e065/mypy-1.1.1-cp311-cp311-win_amd64.whl", hash = "sha256:a380c041db500e1410bb5b16b3c1c35e61e773a5c3517926b81dfdab7582be54"},
    {url = "https://files.pythonhosted.org/packages/f5/35/da01ef5831ceaf99a673e018d06ff1622ec460e4164b5e900ddaeceb52e1/mypy-1.1.1-cp37-cp37m-win_amd64.whl", hash = "sha256:ef6a01e563ec6a4940784c574d33f6ac1943864634517984471642908b30b6f7"},
    {url = "https://files.pythonhosted.org/packages/f6/57/93e676773f91141127329a56e2238eac506a78f6fb0ae0650a53fcc1355d/mypy-1.1.1-cp38-cp38-musllinux_1_1_x86_64.whl", hash = "sha256:2b0c373d071593deefbcdd87ec8db91ea13bd8f1328d44947e88beae21e8d5e9"},
]
"mypy-extensions 1.0.0" = [
    {url = "https://files.pythonhosted.org/packages/2a/e2/5d3f6ada4297caebe1a2add3b126fe800c96f56dbe5d1988a2cbe0b267aa/mypy_extensions-1.0.0-py3-none-any.whl", hash = "sha256:4392f6c0eb8a5668a69e23d168ffa70f0be9ccfd32b5cc2d26a34ae5b844552d"},
    {url = "https://files.pythonhosted.org/packages/98/a4/1ab47638b92648243faf97a5aeb6ea83059cc3624972ab6b8d2316078d3f/mypy_extensions-1.0.0.tar.gz", hash = "sha256:75dbf8955dc00442a438fc4d0666508a9a97b6bd41aa2f0ffe9d2f2725af0782"},
]
"nodeenv 1.7.0" = [
    {url = "https://files.pythonhosted.org/packages/96/a8/d3b5baead78adadacb99e7281b3e842126da825cf53df61688cfc8b8ff91/nodeenv-1.7.0-py2.py3-none-any.whl", hash = "sha256:27083a7b96a25f2f5e1d8cb4b6317ee8aeda3bdd121394e5ac54e498028a042e"},
    {url = "https://files.pythonhosted.org/packages/f3/9d/a28ecbd1721cd6c0ea65da6bfb2771d31c5d7e32d916a8f643b062530af3/nodeenv-1.7.0.tar.gz", hash = "sha256:e0e7f7dfb85fc5394c6fe1e8fa98131a2473e04311a45afb6508f7cf1836fa2b"},
]
"packaging 23.0" = [
    {url = "https://files.pythonhosted.org/packages/47/d5/aca8ff6f49aa5565df1c826e7bf5e85a6df852ee063600c1efa5b932968c/packaging-23.0.tar.gz", hash = "sha256:b6ad297f8907de0fa2fe1ccbd26fdaf387f5f47c7275fedf8cce89f99446cf97"},
    {url = "https://files.pythonhosted.org/packages/ed/35/a31aed2993e398f6b09a790a181a7927eb14610ee8bbf02dc14d31677f1c/packaging-23.0-py3-none-any.whl", hash = "sha256:714ac14496c3e68c99c29b00845f7a2b85f3bb6f1078fd9f72fd20f0570002b2"},
]
"pathspec 0.11.0" = [
    {url = "https://files.pythonhosted.org/packages/e6/be/1a973593d7ce7ac9d1a793b81eb265c152a62f34825169fbd7c4e4548e34/pathspec-0.11.0-py3-none-any.whl", hash = "sha256:3a66eb970cbac598f9e5ccb5b2cf58930cd8e3ed86d393d541eaf2d8b1705229"},
    {url = "https://files.pythonhosted.org/packages/f4/8e/f91cffb32740b251cff04cad1e7cdd2c710582c735a01f56307316c148f2/pathspec-0.11.0.tar.gz", hash = "sha256:64d338d4e0914e91c1792321e6907b5a593f1ab1851de7fc269557a21b30ebbc"},
]
"platformdirs 2.6.2" = [
    {url = "https://files.pythonhosted.org/packages/c1/c7/9be9d651b93efce682b45142a6267034fc4215972780748618c02e236361/platformdirs-2.6.2-py3-none-any.whl", hash = "sha256:83c8f6d04389165de7c9b6f0c682439697887bca0aa2f1c87ef1826be3584490"},
    {url = "https://files.pythonhosted.org/packages/cf/4d/198b7e6c6c2b152f4f9f4cdf975d3590e33e63f1920f2d89af7f0390e6db/platformdirs-2.6.2.tar.gz", hash = "sha256:e1fea1fe471b9ff8332e229df3cb7de4f53eeea4998d3b6bfff542115e998bd2"},
]
"pre-commit 3.2.2" = [
    {url = "https://files.pythonhosted.org/packages/41/52/3886066f73cd0d52a86558fa27cc754c2b4a108e389b5624a75537212d4e/pre_commit-3.2.2-py2.py3-none-any.whl", hash = "sha256:0b4210aea813fe81144e87c5a291f09ea66f199f367fa1df41b55e1d26e1e2b4"},
    {url = "https://files.pythonhosted.org/packages/89/40/0f5b8d53178545f736172c8c2fc4f5eb68fffa828dba5ddad3cc43af878e/pre_commit-3.2.2.tar.gz", hash = "sha256:5b808fcbda4afbccf6d6633a56663fed35b6c2bc08096fd3d47ce197ac351d9d"},
]
"pygments 2.14.0" = [
    {url = "https://files.pythonhosted.org/packages/0b/42/d9d95cc461f098f204cd20c85642ae40fbff81f74c300341b8d0e0df14e0/Pygments-2.14.0-py3-none-any.whl", hash = "sha256:fa7bd7bd2771287c0de303af8bfdfc731f51bd2c6a47ab69d117138893b82717"},
    {url = "https://files.pythonhosted.org/packages/da/6a/c427c06913204e24de28de5300d3f0e809933f376e0b7df95194b2bb3f71/Pygments-2.14.0.tar.gz", hash = "sha256:b3ed06a9e8ac9a9aae5a6f5dbe78a8a58655d17b43b93c078f094ddc476ae297"},
]
"pyyaml 6.0" = [
    {url = "https://files.pythonhosted.org/packages/02/25/6ba9f6bb50a3d4fbe22c1a02554dc670682a07c8701d1716d19ddea2c940/PyYAML-6.0-cp310-cp310-manylinux_2_5_x86_64.manylinux1_x86_64.manylinux_2_12_x86_64.manylinux2010_x86_64.whl", hash = "sha256:f84fbc98b019fef2ee9a1cb3ce93e3187a6df0b2538a651bfb890254ba9f90b5"},
    {url = "https://files.pythonhosted.org/packages/08/f4/ffa743f860f34a5e8c60abaaa686f82c9ac7a2b50e5a1c3b1eb564d59159/PyYAML-6.0-cp39-cp39-win_amd64.whl", hash = "sha256:b3d267842bf12586ba6c734f89d1f5b871df0273157918b0ccefa29deb05c21c"},
    {url = "https://files.pythonhosted.org/packages/0f/93/5f81d1925ce3b531f5ff215376445ec220887cd1c9a8bde23759554dbdfd/PyYAML-6.0-cp310-cp310-win32.whl", hash = "sha256:2cd5df3de48857ed0544b34e2d40e9fac445930039f3cfe4bcc592a1f836d513"},
    {url = "https://files.pythonhosted.org/packages/12/fc/a4d5a7554e0067677823f7265cb3ae22aed8a238560b5133b58cda252dad/PyYAML-6.0-cp39-cp39-manylinux_2_5_x86_64.manylinux1_x86_64.manylinux_2_12_x86_64.manylinux2010_x86_64.whl", hash = "sha256:40527857252b61eacd1d9af500c3337ba8deb8fc298940291486c465c8b46ec0"},
    {url = "https://files.pythonhosted.org/packages/21/67/b42191239c5650c9e419c4a08a7a022bbf1abf55b0391c380a72c3af5462/PyYAML-6.0-cp39-cp39-manylinux_2_17_aarch64.manylinux2014_aarch64.whl", hash = "sha256:d67d839ede4ed1b28a4e8909735fc992a923cdb84e618544973d7dfc71540803"},
    {url = "https://files.pythonhosted.org/packages/2e/b3/13dfd4eeb5e4b2d686b6d1822b40702e991bf3a4194ca5cbcce8d43749db/PyYAML-6.0-cp39-cp39-win32.whl", hash = "sha256:b5b9eccad747aabaaffbc6064800670f0c297e52c12754eb1d976c57e4f74dcb"},
    {url = "https://files.pythonhosted.org/packages/36/2b/61d51a2c4f25ef062ae3f74576b01638bebad5e045f747ff12643df63844/PyYAML-6.0.tar.gz", hash = "sha256:68fb519c14306fec9720a2a5b45bc9f0c8d1b9c72adf45c37baedfcd949c35a2"},
    {url = "https://files.pythonhosted.org/packages/44/e5/4fea13230bcebf24b28c0efd774a2dd65a0937a2d39e94a4503438b078ed/PyYAML-6.0-cp310-cp310-macosx_10_9_x86_64.whl", hash = "sha256:d4db7c7aef085872ef65a8fd7d6d09a14ae91f691dec3e87ee5ee0539d516f53"},
    {url = "https://files.pythonhosted.org/packages/4d/7d/c2ab8da648cd2b937de11fb35649b127adab4851cbeaf5fd9b60a2dab0f7/PyYAML-6.0-cp36-cp36m-win32.whl", hash = "sha256:0283c35a6a9fbf047493e3a0ce8d79ef5030852c51e9d911a27badfde0605293"},
    {url = "https://files.pythonhosted.org/packages/55/e3/507a92589994a5b3c3d7f2a7a066339d6ff61c5c839bae56f7eff03d9c7b/PyYAML-6.0-cp36-cp36m-macosx_10_9_x86_64.whl", hash = "sha256:897b80890765f037df3403d22bab41627ca8811ae55e9a722fd0392850ec4d86"},
    {url = "https://files.pythonhosted.org/packages/56/8f/e8b49ad21d26111493dc2d5cae4d7efbd0e2e065440665f5023515f87f64/PyYAML-6.0-cp311-cp311-manylinux_2_17_x86_64.manylinux2014_x86_64.whl", hash = "sha256:432557aa2c09802be39460360ddffd48156e30721f5e8d917f01d31694216782"},
    {url = "https://files.pythonhosted.org/packages/59/00/30e33fcd2a4562cd40c49c7740881009240c5cbbc0e41ca79ca4bba7c24b/PyYAML-6.0-cp311-cp311-win_amd64.whl", hash = "sha256:01b45c0191e6d66c470b6cf1b9531a771a83c1c4208272ead47a3ae4f2f603bf"},
    {url = "https://files.pythonhosted.org/packages/5e/f4/7b4bb01873be78fc9fde307f38f62e380b7111862c165372cf094ca2b093/PyYAML-6.0-cp310-cp310-manylinux_2_17_aarch64.manylinux2014_aarch64.whl", hash = "sha256:77f396e6ef4c73fdc33a9157446466f1cff553d979bd00ecb64385760c6babdc"},
    {url = "https://files.pythonhosted.org/packages/63/6b/f5dc7942bac17192f4ef00b2d0cdd1ae45eea453d05c1944c0573debe945/PyYAML-6.0-cp38-cp38-manylinux_2_17_s390x.manylinux2014_s390x.whl", hash = "sha256:9fa600030013c4de8165339db93d182b9431076eb98eb40ee068700c9c813e34"},
    {url = "https://files.pythonhosted.org/packages/67/d4/b95266228a25ef5bd70984c08b4efce2c035a4baa5ccafa827b266e3dc36/PyYAML-6.0-cp39-cp39-macosx_11_0_arm64.whl", hash = "sha256:e61ceaab6f49fb8bdfaa0f92c4b57bcfbea54c09277b1b4f7ac376bfb7a7c174"},
    {url = "https://files.pythonhosted.org/packages/68/3f/c027422e49433239267c62323fbc6320d6ac8d7d50cf0cb2a376260dad5f/PyYAML-6.0-cp311-cp311-manylinux_2_17_s390x.manylinux2014_s390x.whl", hash = "sha256:dbad0e9d368bb989f4515da330b88a057617d16b6a8245084f1b05400f24609f"},
    {url = "https://files.pythonhosted.org/packages/6c/3d/524c642f3db37e7e7ab8d13a3f8b0c72d04a619abc19100097d987378fc6/PyYAML-6.0-cp38-cp38-manylinux_2_17_aarch64.manylinux2014_aarch64.whl", hash = "sha256:213c60cd50106436cc818accf5baa1aba61c0189ff610f64f4a3e8c6726218ba"},
    {url = "https://files.pythonhosted.org/packages/74/68/3c13deaa496c14a030c431b7b828d6b343f79eb241b4848c7918091a64a2/PyYAML-6.0-cp36-cp36m-manylinux_2_17_s390x.manylinux2014_s390x.whl", hash = "sha256:48c346915c114f5fdb3ead70312bd042a953a8ce5c7106d5bfb1a5254e47da92"},
    {url = "https://files.pythonhosted.org/packages/77/da/e845437ffe0dffae4e7562faf23a4f264d886431c5d2a2816c853288dc8e/PyYAML-6.0-cp39-cp39-manylinux_2_17_s390x.manylinux2014_s390x.whl", hash = "sha256:cba8c411ef271aa037d7357a2bc8f9ee8b58b9965831d9e51baf703280dc73d3"},
    {url = "https://files.pythonhosted.org/packages/7f/d9/6a0d14ac8d3b5605dc925d177c1d21ee9f0b7b39287799db1e50d197b2f4/PyYAML-6.0-cp311-cp311-manylinux_2_17_aarch64.manylinux2014_aarch64.whl", hash = "sha256:afa17f5bc4d1b10afd4466fd3a44dc0e245382deca5b3c353d8b757f9e3ecb8d"},
    {url = "https://files.pythonhosted.org/packages/81/59/561f7e46916b78f3c4cab8d0c307c81656f11e32c846c0c97fda0019ed76/PyYAML-6.0-cp37-cp37m-manylinux_2_17_s390x.manylinux2014_s390x.whl", hash = "sha256:0ce82d761c532fe4ec3f87fc45688bdd3a4c1dc5e0b4a19814b9009a29baefd4"},
    {url = "https://files.pythonhosted.org/packages/89/26/0bfd7b756b34c68f8fd158b7bc762b6b1705fc1b3cebf4cdbb53fd9ea75b/PyYAML-6.0-cp36-cp36m-win_amd64.whl", hash = "sha256:07751360502caac1c067a8132d150cf3d61339af5691fe9e87803040dbc5db57"},
    {url = "https://files.pythonhosted.org/packages/91/49/d46d7b15cddfa98533e89f3832f391aedf7e31f37b4d4df3a7a7855a7073/PyYAML-6.0-cp310-cp310-macosx_11_0_arm64.whl", hash = "sha256:9df7ed3b3d2e0ecfe09e14741b857df43adb5a3ddadc919a2d94fbdf78fea53c"},
    {url = "https://files.pythonhosted.org/packages/9d/f6/7e91fbb58c9ee528759aea5892e062cccb426720c5830ddcce92eba00ff1/PyYAML-6.0-cp37-cp37m-macosx_10_9_x86_64.whl", hash = "sha256:819b3830a1543db06c4d4b865e70ded25be52a2e0631ccd2f6a47a2822f2fd7c"},
    {url = "https://files.pythonhosted.org/packages/a4/ba/e508fc780e3c94c12753a54fe8f74de535741a10d33b29a576a9bec03500/PyYAML-6.0-cp38-cp38-win32.whl", hash = "sha256:d4eccecf9adf6fbcc6861a38015c2a64f38b9d94838ac1810a9023a0609e1b78"},
    {url = "https://files.pythonhosted.org/packages/a4/e6/4d7a01bc0730c8f958a62d6a4c4f3df23b6139ad68c132b168970d84f192/PyYAML-6.0-cp37-cp37m-win32.whl", hash = "sha256:c5687b8d43cf58545ade1fe3e055f70eac7a5a1a0bf42824308d868289a95737"},
    {url = "https://files.pythonhosted.org/packages/a8/32/1bbe38477fb23f1d83041fefeabf93ef1cd6f0efcf44c221519507315d92/PyYAML-6.0-cp36-cp36m-manylinux_2_17_aarch64.manylinux2014_aarch64.whl", hash = "sha256:50602afada6d6cbfad699b0c7bb50d5ccffa7e46a3d738092afddc1f9758427f"},
    {url = "https://files.pythonhosted.org/packages/a8/5b/c4d674846ea4b07ee239fbf6010bcc427c4e4552ba5655b446e36b9a40a7/PyYAML-6.0-cp38-cp38-win_amd64.whl", hash = "sha256:1e4747bc279b4f613a09eb64bba2ba602d8a6664c6ce6396a4d0cd413a50ce07"},
    {url = "https://files.pythonhosted.org/packages/b3/85/79b9e5b4e8d3c0ac657f4e8617713cca8408f6cdc65d2ee6554217cedff1/PyYAML-6.0-cp36-cp36m-manylinux_2_5_x86_64.manylinux1_x86_64.manylinux_2_12_x86_64.manylinux2010_x86_64.whl", hash = "sha256:98c4d36e99714e55cfbaaee6dd5badbc9a1ec339ebfc3b1f52e293aee6bb71a4"},
    {url = "https://files.pythonhosted.org/packages/b7/09/2f6f4851bbca08642fef087bade095edc3c47f28d1e7bff6b20de5262a77/PyYAML-6.0-cp310-cp310-win_amd64.whl", hash = "sha256:daf496c58a8c52083df09b80c860005194014c3698698d1a57cbcfa182142a3a"},
    {url = "https://files.pythonhosted.org/packages/cb/5f/05dd91f5046e2256e35d885f3b8f0f280148568f08e1bf20421887523e9a/PyYAML-6.0-cp311-cp311-macosx_11_0_arm64.whl", hash = "sha256:81957921f441d50af23654aa6c5e5eaf9b06aba7f0a19c18a538dc7ef291c5a1"},
    {url = "https://files.pythonhosted.org/packages/d1/c0/4fe04181b0210ee2647cfbb89ecd10a36eef89f10d8aca6a192c201bbe58/PyYAML-6.0-cp37-cp37m-win_amd64.whl", hash = "sha256:d15a181d1ecd0d4270dc32edb46f7cb7733c7c508857278d3d378d14d606db2d"},
    {url = "https://files.pythonhosted.org/packages/d7/42/7ad4b6d67a16229496d4f6e74201bdbebcf4bc1e87d5a70c9297d4961bd2/PyYAML-6.0-cp38-cp38-manylinux_2_5_x86_64.manylinux1_x86_64.manylinux_2_12_x86_64.manylinux2010_x86_64.whl", hash = "sha256:277a0ef2981ca40581a47093e9e2d13b3f1fbbeffae064c1d21bfceba2030287"},
    {url = "https://files.pythonhosted.org/packages/db/4e/74bc723f2d22677387ab90cd9139e62874d14211be7172ed8c9f9a7c81a9/PyYAML-6.0-cp38-cp38-macosx_10_9_x86_64.whl", hash = "sha256:0b4624f379dab24d3725ffde76559cff63d9ec94e1736b556dacdfebe5ab6d4b"},
    {url = "https://files.pythonhosted.org/packages/df/75/ee0565bbf65133e5b6ffa154db43544af96ea4c42439e6b58c1e0eb44b4e/PyYAML-6.0-cp37-cp37m-manylinux_2_17_aarch64.manylinux2014_aarch64.whl", hash = "sha256:473f9edb243cb1935ab5a084eb238d842fb8f404ed2193a915d1784b5a6b5fc0"},
    {url = "https://files.pythonhosted.org/packages/eb/5f/6e6fe6904e1a9c67bc2ca5629a69e7a5a0b17f079da838bab98a1e548b25/PyYAML-6.0-cp37-cp37m-manylinux_2_5_x86_64.manylinux1_x86_64.manylinux_2_12_x86_64.manylinux2010_x86_64.whl", hash = "sha256:231710d57adfd809ef5d34183b8ed1eeae3f76459c18fb4a0b373ad56bedcdd9"},
    {url = "https://files.pythonhosted.org/packages/ef/ad/b443cce94539e57e1a745a845f95c100ad7b97593d7e104051e43f730ecd/PyYAML-6.0-cp310-cp310-manylinux_2_17_s390x.manylinux2014_s390x.whl", hash = "sha256:a80a78046a72361de73f8f395f1f1e49f956c6be882eed58505a15f3e430962b"},
    {url = "https://files.pythonhosted.org/packages/f5/6f/b8b4515346af7c33d3b07cd8ca8ea0700ca72e8d7a750b2b87ac0268ca4e/PyYAML-6.0-cp39-cp39-macosx_10_9_x86_64.whl", hash = "sha256:055d937d65826939cb044fc8c9b08889e8c743fdc6a32b33e2390f66013e449b"},
    {url = "https://files.pythonhosted.org/packages/f8/54/799b059314b13e1063473f76e908f44106014d18f54b16c83a16edccd5ec/PyYAML-6.0-cp311-cp311-macosx_10_9_x86_64.whl", hash = "sha256:d4b0ba9512519522b118090257be113b9468d804b19d63c71dbcf4a48fa32358"},
    {url = "https://files.pythonhosted.org/packages/fc/48/531ecd926fe0a374346dd811bf1eda59a95583595bb80eadad511f3269b8/PyYAML-6.0-cp311-cp311-win32.whl", hash = "sha256:bfaef573a63ba8923503d27530362590ff4f576c626d86a9fed95822a8255fd7"},
]
"rfc3986 1.5.0" = [
    {url = "https://files.pythonhosted.org/packages/79/30/5b1b6c28c105629cc12b33bdcbb0b11b5bb1880c6cfbd955f9e792921aa8/rfc3986-1.5.0.tar.gz", hash = "sha256:270aaf10d87d0d4e095063c65bf3ddbc6ee3d0b226328ce21e036f946e421835"},
    {url = "https://files.pythonhosted.org/packages/c4/e5/63ca2c4edf4e00657584608bee1001302bbf8c5f569340b78304f2f446cb/rfc3986-1.5.0-py2.py3-none-any.whl", hash = "sha256:a86d6e1f5b1dc238b218b012df0aa79409667bb209e58da56d0b94704e712a97"},
]
"rich 13.3.3" = [
    {url = "https://files.pythonhosted.org/packages/42/5c/f44fc88bad850c4a20711a3349ec0e8bc50fece8d8b32c962d2aab70ea2b/rich-13.3.3-py3-none-any.whl", hash = "sha256:540c7d6d26a1178e8e8b37e9ba44573a3cd1464ff6348b99ee7061b95d1c6333"},
    {url = "https://files.pythonhosted.org/packages/9a/50/672a8d347f92bc752b04c338bbf932fbd0104fbc416c82cc91aa5f7b4b0b/rich-13.3.3.tar.gz", hash = "sha256:dc84400a9d842b3a9c5ff74addd8eb798d155f36c1c91303888e0a66850d2a15"},
]
"ruff 0.0.260" = [
    {url = "https://files.pythonhosted.org/packages/09/e0/3ba8f02041ac5a1b466364ff96abae4838f4852d56177a079075b35885d6/ruff-0.0.260-py3-none-manylinux_2_17_x86_64.manylinux2014_x86_64.whl", hash = "sha256:57d9f0bfdef739b76aa3112b9182a214f0f34589a2659f88353492c7670fe2fe"},
    {url = "https://files.pythonhosted.org/packages/0e/1a/cde78a0c594a0a07adcc0f5b191587dd28e29524022502b92f0b8c0324bb/ruff-0.0.260-py3-none-manylinux_2_17_i686.manylinux2014_i686.whl", hash = "sha256:1e4fa7293f97c021825b3b72f2bf53f0eb4f59625608a889678c1fc6660f412d"},
    {url = "https://files.pythonhosted.org/packages/14/d3/517080b9623d86aabc550d77cd118cc78156836894832917cf5a6d2ff89f/ruff-0.0.260-py3-none-manylinux_2_17_ppc64.manylinux2014_ppc64.whl", hash = "sha256:8bec0271e2c8cd36bcf915cb9f6a93e40797a3ff3d2cda4ca87b7bed9e598472"},
    {url = "https://files.pythonhosted.org/packages/18/c0/c2c3efcddff1ec814bac21e06b6892e09b7304b710b163605a24002d4215/ruff-0.0.260-py3-none-manylinux_2_17_ppc64le.manylinux2014_ppc64le.whl", hash = "sha256:3e075a61aaff8ebe56172217f0ac14c5df9637b289bf161ac697445a9003d5c2"},
    {url = "https://files.pythonhosted.org/packages/42/b0/dab6b854f45b7709d21cbb9658fb5027a8ad0f594673f16691032be3fe03/ruff-0.0.260.tar.gz", hash = "sha256:ea8f94262f33b81c47ee9d81f455b144e94776f5c925748cb0c561a12206eae1"},
    {url = "https://files.pythonhosted.org/packages/6f/c5/6753f698c20ee047e0ccf37699c428cee27bdd686d66d7b7fbf0d8f64064/ruff-0.0.260-py3-none-win32.whl", hash = "sha256:3866a96b2ef92c7d837ba6bf8fc9dd125a67886f1c5512ad6fa5d5fefaceff87"},
    {url = "https://files.pythonhosted.org/packages/8a/97/9162045353f3c162e32a00a0cc6f8026600daac453939f256e04e9b81bcf/ruff-0.0.260-py3-none-manylinux_2_17_aarch64.manylinux2014_aarch64.whl", hash = "sha256:25584d1b9f445fde72651caab97e7430a4c5bfd2a0ce9af39868753826cba10d"},
    {url = "https://files.pythonhosted.org/packages/90/01/e9b06ec57caa0c36a90ede26b86a8603f4eee61d0da4a2e5f597cc7f5c43/ruff-0.0.260-py3-none-musllinux_1_2_armv7l.whl", hash = "sha256:aae2170a7ec6f7fc4a73db30aa7aa7fce936176bf66bf85f77f69ddd1dd4a665"},
    {url = "https://files.pythonhosted.org/packages/93/54/fad086cfd66eaa611549da82f381a77e752c283e34c3548cd650ac27369e/ruff-0.0.260-py3-none-musllinux_1_2_x86_64.whl", hash = "sha256:6dd705d4eff405c2b70513188fbff520f49db6df91f0d5e8258c5d469efa58bc"},
    {url = "https://files.pythonhosted.org/packages/9e/ba/ad56a4f7c7c9213e62ba50c6d6c24a1a35d184d40620876c8fa6848693e3/ruff-0.0.260-py3-none-macosx_10_9_x86_64.macosx_11_0_arm64.macosx_10_9_universal2.whl", hash = "sha256:90ff1479e292a84c388a8a035d223247ddeea5f6760752a9142b88b6d59ac334"},
    {url = "https://files.pythonhosted.org/packages/a2/5d/261b7a1d795fe097c4b11dcd8336acce43ac4a3e73f0f7f86cc609fd8745/ruff-0.0.260-py3-none-musllinux_1_2_i686.whl", hash = "sha256:5f847b72ef994ab88e9da250c7eb5cbb3f1555b92a9f22c5ed1c27a44b7e98d6"},
    {url = "https://files.pythonhosted.org/packages/a3/89/78e78b2af514c2960a684a0b1deb4b8b21368541b7c82e18a2599002a443/ruff-0.0.260-py3-none-win_arm64.whl", hash = "sha256:12542a26f189a5a10c719bfa14d415d0511ac05e5c9ff5e79cc9d5cc50b81bc8"},
    {url = "https://files.pythonhosted.org/packages/b6/f2/d996c980b9eeb644d312376bf00e4831a04720f3bfd6fa3c474dc536a416/ruff-0.0.260-py3-none-manylinux_2_17_s390x.manylinux2014_s390x.whl", hash = "sha256:f8678f54eb2696481618902a10c3cb28325f3323799af99997ad6f06005ea4f5"},
    {url = "https://files.pythonhosted.org/packages/b9/f9/1b355d585b971a77687d6dc2cd680e7e5af66394a8c75a25ac73d8dd3243/ruff-0.0.260-py3-none-win_amd64.whl", hash = "sha256:0733d524946decbd4f1e63f7dc26820f5c1e6c31da529ba20fb995057f8e79b1"},
    {url = "https://files.pythonhosted.org/packages/c1/3e/cb041a9d5bd90173e8050c2740bde3080388604ea60b8e66348f52e6a72d/ruff-0.0.260-py3-none-macosx_10_7_x86_64.whl", hash = "sha256:c559650b623f3fbdc39c7ed1bcb064765c666a53ee738c53d1461afbf3f23db2"},
    {url = "https://files.pythonhosted.org/packages/fc/ca/1c9fe9d576405cf5883c041c7693f2c8de828a7aa1b5dd80ea473f85b9bc/ruff-0.0.260-py3-none-musllinux_1_2_aarch64.whl", hash = "sha256:3ec1f77219ba5adaa194289cb82ba924ff2ed931fd00b8541d66a1724c89fbc9"},
    {url = "https://files.pythonhosted.org/packages/fe/ab/aa9d7d785b1bcc9e34cfe85e27a2e21a508bfce447856f876d6c3ccb294d/ruff-0.0.260-py3-none-manylinux_2_17_armv7l.manylinux2014_armv7l.whl", hash = "sha256:8032e35357384a29791c75194a71e314031171eb0731fcaa872dfaf4c1f4470a"},
]
"setuptools 67.1.0" = [
    {url = "https://files.pythonhosted.org/packages/bf/7c/3a0bb8db53f6b6dec4cb162d307cc5d37162dee65458b2be42817de30fda/setuptools-67.1.0.tar.gz", hash = "sha256:e261cdf010c11a41cb5cb5f1bf3338a7433832029f559a6a7614bd42a967c300"},
    {url = "https://files.pythonhosted.org/packages/c8/24/157fed9a57108b3e1b6ccd86e95823327f231ef12464b0eca13650eb33ac/setuptools-67.1.0-py3-none-any.whl", hash = "sha256:a7687c12b444eaac951ea87a9627c4f904ac757e7abdc5aac32833234af90378"},
]
"sniffio 1.3.0" = [
    {url = "https://files.pythonhosted.org/packages/c3/a0/5dba8ed157b0136607c7f2151db695885606968d1fae123dc3391e0cfdbf/sniffio-1.3.0-py3-none-any.whl", hash = "sha256:eecefdce1e5bbfb7ad2eeaabf7c1eeb404d7757c379bd1f7e5cce9d8bf425384"},
    {url = "https://files.pythonhosted.org/packages/cd/50/d49c388cae4ec10e8109b1b833fd265511840706808576df3ada99ecb0ac/sniffio-1.3.0.tar.gz", hash = "sha256:e60305c5e5d314f5389259b7f22aaa33d8f7dee49763119234af3755c55b9101"},
]
"tomli 2.0.1" = [
    {url = "https://files.pythonhosted.org/packages/97/75/10a9ebee3fd790d20926a90a2547f0bf78f371b2f13aa822c759680ca7b9/tomli-2.0.1-py3-none-any.whl", hash = "sha256:939de3e7a6161af0c887ef91b7d41a53e7c5a1ca976325f429cb46ea9bc30ecc"},
    {url = "https://files.pythonhosted.org/packages/c0/3f/d7af728f075fb08564c5949a9c95e44352e23dee646869fa104a3b2060a3/tomli-2.0.1.tar.gz", hash = "sha256:de526c12914f0c550d15924c62d72abc48d6fe7364aa87328337a31007fe8a4f"},
]
"typing-extensions 4.4.0" = [
    {url = "https://files.pythonhosted.org/packages/0b/8e/f1a0a5a76cfef77e1eb6004cb49e5f8d72634da638420b9ea492ce8305e8/typing_extensions-4.4.0-py3-none-any.whl", hash = "sha256:16fa4864408f655d35ec496218b85f79b3437c829e93320c7c9215ccfd92489e"},
    {url = "https://files.pythonhosted.org/packages/e3/a7/8f4e456ef0adac43f452efc2d0e4b242ab831297f1bac60ac815d37eb9cf/typing_extensions-4.4.0.tar.gz", hash = "sha256:1511434bb92bf8dd198c12b1cc812e800d4181cfcb867674e0f8279cc93087aa"},
]
"virtualenv 20.17.1" = [
    {url = "https://files.pythonhosted.org/packages/18/a2/7931d40ecb02b5236a34ac53770f2f6931e3082b7a7dafe915d892d749d6/virtualenv-20.17.1-py3-none-any.whl", hash = "sha256:ce3b1684d6e1a20a3e5ed36795a97dfc6af29bc3970ca8dab93e11ac6094b3c4"},
    {url = "https://files.pythonhosted.org/packages/7b/19/65f13cff26c8cc11fdfcb0499cd8f13388dd7b35a79a376755f152b42d86/virtualenv-20.17.1.tar.gz", hash = "sha256:f8b927684efc6f1cc206c9db297a570ab9ad0e51c16fa9e45487d36d1905c058"},
]
